
Microsoft Visual Studio Solution File, Format Version 12.00
# Visual Studio Version 16
VisualStudioVersion = 16.0.30621.155
MinimumVisualStudioVersion = 10.0.40219.1
Project("{FAE04EC0-301F-11D3-BF4B-00C04F79EFBC}") = "Exercise2_073_Adiatsa Putra Santika", "Exercise2_073_Adiatsa Putra Santika\Exercise2_073_Adiatsa Putra Santika.csproj", "{0AC3B4A2-055C-43AE-B6CB-CD764B2B7897}"
EndProject
Project("{FAE04EC0-301F-11D3-BF4B-00C04F79EFBC}") = "ServiceRest_073_Adiatsa Putra Santika", "..\ServiceRest_073_Adiatsa Putra Santika\ServiceRest_073_Adiatsa Putra Santika\ServiceRest_073_Adiatsa Putra Santika.csproj", "{E73D5C11-CD16-416F-B72F-DFECC3E901E7}"
EndProject
Project("{FAE04EC0-301F-11D3-BF4B-00C04F79EFBC}") = "ServerRest_073_AdiatsaPutraSantika", "ServerRest_073_AdiatsaPutraSantika\ServerRest_073_AdiatsaPutraSantika.csproj", "{AE117600-1F21-4C41-B7F1-08154314BA68}"
EndProject
Global
	GlobalSection(SolutionConfigurationPlatforms) = preSolution
		Debug|Any CPU = Debug|Any CPU
		Release|Any CPU = Release|Any CPU
	EndGlobalSection
	GlobalSection(ProjectConfigurationPlatforms) = postSolution
		{0AC3B4A2-055C-43AE-B6CB-CD764B2B7897}.Debug|Any CPU.ActiveCfg = Debug|Any CPU
		{0AC3B4A2-055C-43AE-B6CB-CD764B2B7897}.Debug|Any CPU.Build.0 = Debug|Any CPU
		{0AC3B4A2-055C-43AE-B6CB-CD764B2B7897}.Release|Any CPU.ActiveCfg = Release|Any CPU
		{0AC3B4A2-055C-43AE-B6CB-CD764B2B7897}.Release|Any CPU.Build.0 = Release|Any CPU
		{E73D5C11-CD16-416F-B72F-DFECC3E901E7}.Debug|Any CPU.ActiveCfg = Debug|Any CPU
		{E73D5C11-CD16-416F-B72F-DFECC3E901E7}.Debug|Any CPU.Build.0 = Debug|Any CPU
		{E73D5C11-CD16-416F-B72F-DFECC3E901E7}.Release|Any CPU.ActiveCfg = Release|Any CPU
		{E73D5C11-CD16-416F-B72F-DFECC3E901E7}.Release|Any CPU.Build.0 = Release|Any CPU
		{AE117600-1F21-4C41-B7F1-08154314BA68}.Debug|Any CPU.ActiveCfg = Debug|Any CPU
		{AE117600-1F21-4C41-B7F1-08154314BA68}.Debug|Any CPU.Build.0 = Debug|Any CPU
		{AE117600-1F21-4C41-B7F1-08154314BA68}.Release|Any CPU.ActiveCfg = Release|Any CPU
		{AE117600-1F21-4C41-B7F1-08154314BA68}.Release|Any CPU.Build.0 = Release|Any CPU
	EndGlobalSection
	GlobalSection(SolutionProperties) = preSolution
		HideSolutionNode = FALSE
	EndGlobalSection
	GlobalSection(ExtensibilityGlobals) = postSolution
		SolutionGuid = {BE37EB2A-129A-4BE1-8B60-A1C4C1FCC4BE}
	EndGlobalSection
EndGlobal
